
Microsoft Visual Studio Solution File, Format Version 12.00
# Visual Studio 15
VisualStudioVersion = 15.0.28307.438
MinimumVisualStudioVersion = 10.0.40219.1
Project("{FAE04EC0-301F-11D3-BF4B-00C04F79EFBC}") = "SameGame", "SameGame\SameGame.csproj", "{C99D6591-69E7-4A3A-A2FB-16D2C979829B}"
EndProject
Project("{FAE04EC0-301F-11D3-BF4B-00C04F79EFBC}") = "SameGameTests", "SameGameTests\SameGameTests.csproj", "{8E9E9635-F404-40E2-A8DE-2ABA183A1803}"
EndProject
Global
	GlobalSection(SolutionConfigurationPlatforms) = preSolution
		Debug|Any CPU = Debug|Any CPU
		Debug|x86 = Debug|x86
		Release|Any CPU = Release|Any CPU
		Release|x86 = Release|x86
	EndGlobalSection
	GlobalSection(ProjectConfigurationPlatforms) = postSolution
		{C99D6591-69E7-4A3A-A2FB-16D2C979829B}.Debug|Any CPU.ActiveCfg = Debug|x86
		{C99D6591-69E7-4A3A-A2FB-16D2C979829B}.Debug|x86.ActiveCfg = Debug|x86
		{C99D6591-69E7-4A3A-A2FB-16D2C979829B}.Debug|x86.Build.0 = Debug|x86
		{C99D6591-69E7-4A3A-A2FB-16D2C979829B}.Release|Any CPU.ActiveCfg = Release|x86
		{C99D6591-69E7-4A3A-A2FB-16D2C979829B}.Release|x86.ActiveCfg = Release|x86
		{C99D6591-69E7-4A3A-A2FB-16D2C979829B}.Release|x86.Build.0 = Release|x86
		{8E9E9635-F404-40E2-A8DE-2ABA183A1803}.Debug|Any CPU.ActiveCfg = Debug|Any CPU
		{8E9E9635-F404-40E2-A8DE-2ABA183A1803}.Debug|Any CPU.Build.0 = Debug|Any CPU
		{8E9E9635-F404-40E2-A8DE-2ABA183A1803}.Debug|x86.ActiveCfg = Debug|Any CPU
		{8E9E9635-F404-40E2-A8DE-2ABA183A1803}.Debug|x86.Build.0 = Debug|Any CPU
		{8E9E9635-F404-40E2-A8DE-2ABA183A1803}.Release|Any CPU.ActiveCfg = Release|Any CPU
		{8E9E9635-F404-40E2-A8DE-2ABA183A1803}.Release|Any CPU.Build.0 = Release|Any CPU
		{8E9E9635-F404-40E2-A8DE-2ABA183A1803}.Release|x86.ActiveCfg = Release|Any CPU
		{8E9E9635-F404-40E2-A8DE-2ABA183A1803}.Release|x86.Build.0 = Release|Any CPU
	EndGlobalSection
	GlobalSection(SolutionProperties) = preSolution
		HideSolutionNode = FALSE
	EndGlobalSection
	GlobalSection(ExtensibilityGlobals) = postSolution
		SolutionGuid = {888874C0-C7A8-4621-B86E-6A5C72B7092A}
	EndGlobalSection
EndGlobal
